// !$*UTF8*$!
{
	archiveVersion = 1;
	classes = {
	};
	objectVersion = 55;
	objects = {

/* Begin PBXBuildFile section */
		F423085327AD5E7E00E880C7 /* AppDelegate.swift in Sources */ = {isa = PBXBuildFile; fileRef = F423085227AD5E7E00E880C7 /* AppDelegate.swift */; };
		F423085527AD5E7E00E880C7 /* SceneDelegate.swift in Sources */ = {isa = PBXBuildFile; fileRef = F423085427AD5E7E00E880C7 /* SceneDelegate.swift */; };
		F423085727AD5E7E00E880C7 /* ViewController.swift in Sources */ = {isa = PBXBuildFile; fileRef = F423085627AD5E7E00E880C7 /* ViewController.swift */; };
		F423085A27AD5E7E00E880C7 /* Main.storyboard in Resources */ = {isa = PBXBuildFile; fileRef = F423085827AD5E7E00E880C7 /* Main.storyboard */; };
		F423085C27AD5E8300E880C7 /* Assets.xcassets in Resources */ = {isa = PBXBuildFile; fileRef = F423085B27AD5E8300E880C7 /* Assets.xcassets */; };
		F423085F27AD5E8300E880C7 /* LaunchScreen.storyboard in Resources */ = {isa = PBXBuildFile; fileRef = F423085D27AD5E8300E880C7 /* LaunchScreen.storyboard */; };
		F423086927AD5F3F00E880C7 /* TestCollectionViewCell.swift in Sources */ = {isa = PBXBuildFile; fileRef = F423086827AD5F3F00E880C7 /* TestCollectionViewCell.swift */; };
		F42761B527AD690A00D0E234 /* CellModel.swift in Sources */ = {isa = PBXBuildFile; fileRef = F42761B427AD690A00D0E234 /* CellModel.swift */; };
		F484B67027B0F7EC0036E4E8 /* HeaderCollectionViewCell.swift in Sources */ = {isa = PBXBuildFile; fileRef = F484B66F27B0F7EC0036E4E8 /* HeaderCollectionViewCell.swift */; };
/* End PBXBuildFile section */

/* Begin PBXFileReference section */
		F423084F27AD5E7E00E880C7 /* TestingCollectionView.app */ = {isa = PBXFileReference; explicitFileType = wrapper.application; includeInIndex = 0; path = TestingCollectionView.app; sourceTree = BUILT_PRODUCTS_DIR; };
		F423085227AD5E7E00E880C7 /* AppDelegate.swift */ = {isa = PBXFileReference; lastKnownFileType = sourcecode.swift; path = AppDelegate.swift; sourceTree = "<group>"; };
		F423085427AD5E7E00E880C7 /* SceneDelegate.swift */ = {isa = PBXFileReference; lastKnownFileType = sourcecode.swift; path = SceneDelegate.swift; sourceTree = "<group>"; };
		F423085627AD5E7E00E880C7 /* ViewController.swift */ = {isa = PBXFileReference; lastKnownFileType = sourcecode.swift; path = ViewController.swift; sourceTree = "<group>"; };
		F423085927AD5E7E00E880C7 /* Base */ = {isa = PBXFileReference; lastKnownFileType = file.storyboard; name = Base; path = Base.lproj/Main.storyboard; sourceTree = "<group>"; };
		F423085B27AD5E8300E880C7 /* Assets.xcassets */ = {isa = PBXFileReference; lastKnownFileType = folder.assetcatalog; path = Assets.xcassets; sourceTree = "<group>"; };
		F423085E27AD5E8300E880C7 /* Base */ = {isa = PBXFileReference; lastKnownFileType = file.storyboard; name = Base; path = Base.lproj/LaunchScreen.storyboard; sourceTree = "<group>"; };
		F423086027AD5E8300E880C7 /* Info.plist */ = {isa = PBXFileReference; lastKnownFileType = text.plist.xml; path = Info.plist; sourceTree = "<group>"; };
		F423086827AD5F3F00E880C7 /* TestCollectionViewCell.swift */ = {isa = PBXFileReference; lastKnownFileType = sourcecode.swift; path = TestCollectionViewCell.swift; sourceTree = "<group>"; };
		F42761B427AD690A00D0E234 /* CellModel.swift */ = {isa = PBXFileReference; lastKnownFileType = sourcecode.swift; path = CellModel.swift; sourceTree = "<group>"; };
		F484B66F27B0F7EC0036E4E8 /* HeaderCollectionViewCell.swift */ = {isa = PBXFileReference; lastKnownFileType = sourcecode.swift; path = HeaderCollectionViewCell.swift; sourceTree = "<group>"; };
/* End PBXFileReference section */

/* Begin PBXFrameworksBuildPhase section */
		F423084C27AD5E7E00E880C7 /* Frameworks */ = {
			isa = PBXFrameworksBuildPhase;
			buildActionMask = 2147483647;
			files = (
			);
			runOnlyForDeploymentPostprocessing = 0;
		};
/* End PBXFrameworksBuildPhase section */

/* Begin PBXGroup section */
		F423084627AD5E7E00E880C7 = {
			isa = PBXGroup;
			children = (
				F423085127AD5E7E00E880C7 /* TestingCollectionView */,
				F423085027AD5E7E00E880C7 /* Products */,
			);
			sourceTree = "<group>";
		};
		F423085027AD5E7E00E880C7 /* Products */ = {
			isa = PBXGroup;
			children = (
				F423084F27AD5E7E00E880C7 /* TestingCollectionView.app */,
			);
			name = Products;
			sourceTree = "<group>";
		};
		F423085127AD5E7E00E880C7 /* TestingCollectionView */ = {
			isa = PBXGroup;
			children = (
				F423085227AD5E7E00E880C7 /* AppDelegate.swift */,
				F423085427AD5E7E00E880C7 /* SceneDelegate.swift */,
				F423085627AD5E7E00E880C7 /* ViewController.swift */,
				F423086827AD5F3F00E880C7 /* TestCollectionViewCell.swift */,
				F484B66F27B0F7EC0036E4E8 /* HeaderCollectionViewCell.swift */,
				F42761B427AD690A00D0E234 /* CellModel.swift */,
				F423085827AD5E7E00E880C7 /* Main.storyboard */,
				F423085B27AD5E8300E880C7 /* Assets.xcassets */,
				F423085D27AD5E8300E880C7 /* LaunchScreen.storyboard */,
				F423086027AD5E8300E880C7 /* Info.plist */,
			);
			path = TestingCollectionView;
			sourceTree = "<group>";
		};
/* End PBXGroup section */

/* Begin PBXNativeTarget section */
		F423084E27AD5E7E00E880C7 /* TestingCollectionView */ = {
			isa = PBXNativeTarget;
			buildConfigurationList = F423086327AD5E8300E880C7 /* Build configuration list for PBXNativeTarget "TestingCollectionView" */;
			buildPhases = (
				F423084B27AD5E7E00E880C7 /* Sources */,
				F423084C27AD5E7E00E880C7 /* Frameworks */,
				F423084D27AD5E7E00E880C7 /* Resources */,
			);
			buildRules = (
			);
			dependencies = (
			);
			name = TestingCollectionView;
			productName = TestingCollectionView;
			productReference = F423084F27AD5E7E00E880C7 /* TestingCollectionView.app */;
			productType = "com.apple.product-type.application";
		};
/* End PBXNativeTarget section */

/* Begin PBXProject section */
		F423084727AD5E7E00E880C7 /* Project object */ = {
			isa = PBXProject;
			attributes = {
				BuildIndependentTargetsInParallel = 1;
				LastSwiftUpdateCheck = 1320;
				LastUpgradeCheck = 1320;
				TargetAttributes = {
					F423084E27AD5E7E00E880C7 = {
						CreatedOnToolsVersion = 13.2.1;
					};
				};
			};
			buildConfigurationList = F423084A27AD5E7E00E880C7 /* Build configuration list for PBXProject "TestingCollectionView" */;
			compatibilityVersion = "Xcode 13.0";
			developmentRegion = en;
			hasScannedForEncodings = 0;
			knownRegions = (
				en,
				Base,
			);
			mainGroup = F423084627AD5E7E00E880C7;
			productRefGroup = F423085027AD5E7E00E880C7 /* Products */;
			projectDirPath = "";
			projectRoot = "";
			targets = (
				F423084E27AD5E7E00E880C7 /* TestingCollectionView */,
			);
		};
/* End PBXProject section */

/* Begin PBXResourcesBuildPhase section */
		F423084D27AD5E7E00E880C7 /* Resources */ = {
			isa = PBXResourcesBuildPhase;
			buildActionMask = 2147483647;
			files = (
				F423085F27AD5E8300E880C7 /* LaunchScreen.storyboard in Resources */,
				F423085C27AD5E8300E880C7 /* Assets.xcassets in Resources */,
				F423085A27AD5E7E00E880C7 /* Main.storyboard in Resources */,
			);
			runOnlyForDeploymentPostprocessing = 0;
		};
/* End PBXResourcesBuildPhase section */

/* Begin PBXSourcesBuildPhase section */
		F423084B27AD5E7E00E880C7 /* Sources */ = {
			isa = PBXSourcesBuildPhase;
			buildActionMask = 2147483647;
			files = (
				F423085727AD5E7E00E880C7 /* ViewController.swift in Sources */,
				F423085327AD5E7E00E880C7 /* AppDelegate.swift in Sources */,
				F423086927AD5F3F00E880C7 /* TestCollectionViewCell.swift in Sources */,
				F484B67027B0F7EC0036E4E8 /* HeaderCollectionViewCell.swift in Sources */,
				F42761B527AD690A00D0E234 /* CellModel.swift in Sources */,
				F423085527AD5E7E00E880C7 /* SceneDelegate.swift in Sources */,
			);
			runOnlyForDeploymentPostprocessing = 0;
		};
/* End PBXSourcesBuildPhase section */

/* Begin PBXVariantGroup section */
		F423085827AD5E7E00E880C7 /* Main.storyboard */ = {
			isa = PBXVariantGroup;
			children = (
				F423085927AD5E7E00E880C7 /* Base */,
			);
			name = Main.storyboard;
			sourceTree = "<group>";
		};
		F423085D27AD5E8300E880C7 /* LaunchScreen.storyboard */ = {
			isa = PBXVariantGroup;
			children = (
				F423085E27AD5E8300E880C7 /* Base */,
			);
			name = LaunchScreen.storyboard;
			sourceTree = "<group>";
		};
/* End PBXVariantGroup section */

/* Begin XCBuildConfiguration section */
		F423086127AD5E8300E880C7 /* Debug */ = {
			isa = XCBuildConfiguration;
			buildSettings = {
				ALWAYS_SEARCH_USER_PATHS = NO;
				CLANG_ANALYZER_NONNULL = YES;
				CLANG_ANALYZER_NUMBER_OBJECT_CONVERSION = YES_AGGRESSIVE;
				CLANG_CXX_LANGUAGE_STANDARD = "gnu++17";
				CLANG_CXX_LIBRARY = "libc++";
				CLANG_ENABLE_MODULES = YES;
				CLANG_ENABLE_OBJC_ARC = YES;
				CLANG_ENABLE_OBJC_WEAK = YES;
				CLANG_WARN_BLOCK_CAPTURE_AUTORELEASING = YES;
				CLANG_WARN_BOOL_CONVERSION = YES;
				CLANG_WARN_COMMA = YES;
				CLANG_WARN_CONSTANT_CONVERSION = YES;
				CLANG_WARN_DEPRECATED_OBJC_IMPLEMENTATIONS = YES;
				CLANG_WARN_DIRECT_OBJC_ISA_USAGE = YES_ERROR;
				CLANG_WARN_DOCUMENTATION_COMMENTS = YES;
				CLANG_WARN_EMPTY_BODY = YES;
				CLANG_WARN_ENUM_CONVERSION = YES;
				CLANG_WARN_INFINITE_RECURSION = YES;
				CLANG_WARN_INT_CONVERSION = YES;
				CLANG_WARN_NON_LITERAL_NULL_CONVERSION = YES;
				CLANG_WARN_OBJC_IMPLICIT_RETAIN_SELF = YES;
				CLANG_WARN_OBJC_LITERAL_CONVERSION = YES;
				CLANG_WARN_OBJC_ROOT_CLASS = YES_ERROR;
				CLANG_WARN_QUOTED_INCLUDE_IN_FRAMEWORK_HEADER = YES;
				CLANG_WARN_RANGE_LOOP_ANALYSIS = YES;
				CLANG_WARN_STRICT_PROTOTYPES = YES;
				CLANG_WARN_SUSPICIOUS_MOVE = YES;
				CLANG_WARN_UNGUARDED_AVAILABILITY = YES_AGGRESSIVE;
				CLANG_WARN_UNREACHABLE_CODE = YES;
				CLANG_WARN__DUPLICATE_METHOD_MATCH = YES;
				COPY_PHASE_STRIP = NO;
				DEBUG_INFORMATION_FORMAT = dwarf;
				ENABLE_STRICT_OBJC_MSGSEND = YES;
				ENABLE_TESTABILITY = YES;
				GCC_C_LANGUAGE_STANDARD = gnu11;
				GCC_DYNAMIC_NO_PIC = NO;
				GCC_NO_COMMON_BLOCKS = YES;
				GCC_OPTIMIZATION_LEVEL = 0;
				GCC_PREPROCESSOR_DEFINITIONS = (
					"DEBUG=1",
					"$(inherited)",
				);
				GCC_WARN_64_TO_32_BIT_CONVERSION = YES;
				GCC_WARN_ABOUT_RETURN_TYPE = YES_ERROR;
				GCC_WARN_UNDECLARED_SELECTOR = YES;
				GCC_WARN_UNINITIALIZED_AUTOS = YES_AGGRESSIVE;
				GCC_WARN_UNUSED_FUNCTION = YES;
				GCC_WARN_UNUSED_VARIABLE = YES;
				IPHONEOS_DEPLOYMENT_TARGET = 15.2;
				MTL_ENABLE_DEBUG_INFO = INCLUDE_SOURCE;
				MTL_FAST_MATH = YES;
				ONLY_ACTIVE_ARCH = YES;
				SDKROOT = iphoneos;
				SWIFT_ACTIVE_COMPILATION_CONDITIONS = DEBUG;
				SWIFT_OPTIMIZATION_LEVEL = "-Onone";
			};
			name = Debug;
		};
		F423086227AD5E8300E880C7 /* Release */ = {
			isa = XCBuildConfiguration;
			buildSettings = {
				ALWAYS_SEARCH_USER_PATHS = NO;
				CLANG_ANALYZER_NONNULL = YES;
				CLANG_ANALYZER_NUMBER_OBJECT_CONVERSION = YES_AGGRESSIVE;
				CLANG_CXX_LANGUAGE_STANDARD = "gnu++17";
				CLANG_CXX_LIBRARY = "libc++";
				CLANG_ENABLE_MODULES = YES;
				CLANG_ENABLE_OBJC_ARC = YES;
				CLANG_ENABLE_OBJC_WEAK = YES;
				CLANG_WARN_BLOCK_CAPTURE_AUTORELEASING = YES;
				CLANG_WARN_BOOL_CONVERSION = YES;
				CLANG_WARN_COMMA = YES;
				CLANG_WARN_CONSTANT_CONVERSION = YES;
				CLANG_WARN_DEPRECATED_OBJC_IMPLEMENTATIONS = YES;
				CLANG_WARN_DIRECT_OBJC_ISA_USAGE = YES_ERROR;
				CLANG_WARN_DOCUMENTATION_COMMENTS = YES;
				CLANG_WARN_EMPTY_BODY = YES;
				CLANG_WARN_ENUM_CONVERSION = YES;
				CLANG_WARN_INFINITE_RECURSION = YES;
				CLANG_WARN_INT_CONVERSION = YES;
				CLANG_WARN_NON_LITERAL_NULL_CONVERSION = YES;
				CLANG_WARN_OBJC_IMPLICIT_RETAIN_SELF = YES;
				CLANG_WARN_OBJC_LITERAL_CONVERSION = YES;
				CLANG_WARN_OBJC_ROOT_CLASS = YES_ERROR;
				CLANG_WARN_QUOTED_INCLUDE_IN_FRAMEWORK_HEADER = YES;
				CLANG_WARN_RANGE_LOOP_ANALYSIS = YES;
				CLANG_WARN_STRICT_PROTOTYPES = YES;
				CLANG_WARN_SUSPICIOUS_MOVE = YES;
				CLANG_WARN_UNGUARDED_AVAILABILITY = YES_AGGRESSIVE;
				CLANG_WARN_UNREACHABLE_CODE = YES;
				CLANG_WARN__DUPLICATE_METHOD_MATCH = YES;
				COPY_PHASE_STRIP = NO;
				DEBUG_INFORMATION_FORMAT = "dwarf-with-dsym";
				ENABLE_NS_ASSERTIONS = NO;
				ENABLE_STRICT_OBJC_MSGSEND = YES;
				GCC_C_LANGUAGE_STANDARD = gnu11;
				GCC_NO_COMMON_BLOCKS = YES;
				GCC_WARN_64_TO_32_BIT_CONVERSION = YES;
				GCC_WARN_ABOUT_RETURN_TYPE = YES_ERROR;
				GCC_WARN_UNDECLARED_SELECTOR = YES;
				GCC_WARN_UNINITIALIZED_AUTOS = YES_AGGRESSIVE;
				GCC_WARN_UNUSED_FUNCTION = YES;
				GCC_WARN_UNUSED_VARIABLE = YES;
				IPHONEOS_DEPLOYMENT_TARGET = 15.2;
				MTL_ENABLE_DEBUG_INFO = NO;
				MTL_FAST_MATH = YES;
				SDKROOT = iphoneos;
				SWIFT_COMPILATION_MODE = wholemodule;
				SWIFT_OPTIMIZATION_LEVEL = "-O";
				VALIDATE_PRODUCT = YES;
			};
			name = Release;
		};
		F423086427AD5E8300E880C7 /* Debug */ = {
			isa = XCBuildConfiguration;
			buildSettings = {
				ASSETCATALOG_COMPILER_APPICON_NAME = AppIcon;
				ASSETCATALOG_COMPILER_GLOBAL_ACCENT_COLOR_NAME = AccentColor;
				CODE_SIGN_STYLE = Automatic;
				CURRENT_PROJECT_VERSION = 1;
				DEVELOPMENT_TEAM = SX29N764W2;
				GENERATE_INFOPLIST_FILE = YES;
				INFOPLIST_FILE = TestingCollectionView/Info.plist;
				INFOPLIST_KEY_UIApplicationSupportsIndirectInputEvents = YES;
				INFOPLIST_KEY_UILaunchStoryboardName = LaunchScreen;
				INFOPLIST_KEY_UIMainStoryboardFile = Main;
				INFOPLIST_KEY_UISupportedInterfaceOrientations_iPad = "UIInterfaceOrientationPortrait UIInterfaceOrientationPortraitUpsideDown UIInterfaceOrientationLandscapeLeft UIInterfaceOrientationLandscapeRight";
				INFOPLIST_KEY_UISupportedInterfaceOrientations_iPhone = "UIInterfaceOrientationPortrait UIInterfaceOrientationLandscapeLeft UIInterfaceOrientationLandscapeRight";
				LD_RUNPATH_SEARCH_PATHS = (
					"$(inherited)",
					"@executable_path/Frameworks",
				);
				MARKETING_VERSION = 1.0;
				PRODUCT_BUNDLE_IDENTIFIER = com.hellodubrovsky.TestingCollectionView;
				PRODUCT_NAME = "$(TARGET_NAME)";
				SWIFT_EMIT_LOC_STRINGS = YES;
				SWIFT_VERSION = 5.0;
				TARGETED_DEVICE_FAMILY = "1,2";
			};
			name = Debug;
		};
		F423086527AD5E8300E880C7 /* Release */ = {
			isa = XCBuildConfiguration;
			buildSettings = {
				ASSETCATALOG_COMPILER_APPICON_NAME = AppIcon;
				ASSETCATALOG_COMPILER_GLOBAL_ACCENT_COLOR_NAME = AccentColor;
				CODE_SIGN_STYLE = Automatic;
				CURRENT_PROJECT_VERSION = 1;
				DEVELOPMENT_TEAM = SX29N764W2;
				GENERATE_INFOPLIST_FILE = YES;
				INFOPLIST_FILE = TestingCollectionView/Info.plist;
				INFOPLIST_KEY_UIApplicationSupportsIndirectInputEvents = YES;
				INFOPLIST_KEY_UILaunchStoryboardName = LaunchScreen;
				INFOPLIST_KEY_UIMainStoryboardFile = Main;
				INFOPLIST_KEY_UISupportedInterfaceOrientations_iPad = "UIInterfaceOrientationPortrait UIInterfaceOrientationPortraitUpsideDown UIInterfaceOrientationLandscapeLeft UIInterfaceOrientationLandscapeRight";
				INFOPLIST_KEY_UISupportedInterfaceOrientations_iPhone = "UIInterfaceOrientationPortrait UIInterfaceOrientationLandscapeLeft UIInterfaceOrientationLandscapeRight";
				LD_RUNPATH_SEARCH_PATHS = (
					"$(inherited)",
					"@executable_path/Frameworks",
				);
				MARKETING_VERSION = 1.0;
				PRODUCT_BUNDLE_IDENTIFIER = com.hellodubrovsky.TestingCollectionView;
				PRODUCT_NAME = "$(TARGET_NAME)";
				SWIFT_EMIT_LOC_STRINGS = YES;
				SWIFT_VERSION = 5.0;
				TARGETED_DEVICE_FAMILY = "1,2";
			};
			name = Release;
		};
/* End XCBuildConfiguration section */

/* Begin XCConfigurationList section */
		F423084A27AD5E7E00E880C7 /* Build configuration list for PBXProject "TestingCollectionView" */ = {
			isa = XCConfigurationList;
			buildConfigurations = (
				F423086127AD5E8300E880C7 /* Debug */,
				F423086227AD5E8300E880C7 /* Release */,
			);
			defaultConfigurationIsVisible = 0;
			defaultConfigurationName = Release;
		};
		F423086327AD5E8300E880C7 /* Build configuration list for PBXNativeTarget "TestingCollectionView" */ = {
			isa = XCConfigurationList;
			buildConfigurations = (
				F423086427AD5E8300E880C7 /* Debug */,
				F423086527AD5E8300E880C7 /* Release */,
			);
			defaultConfigurationIsVisible = 0;
			defaultConfigurationName = Release;
		};
/* End XCConfigurationList section */
	};
	rootObject = F423084727AD5E7E00E880C7 /* Project object */;
}
